
Microsoft Visual Studio Solution File, Format Version 12.00
# Visual Studio 14
VisualStudioVersion = 14.0.23107.0
MinimumVisualStudioVersion = 10.0.40219.1
Project("{FAE04EC0-301F-11D3-BF4B-00C04F79EFBC}") = "BKnapsack", "BKnapsack\BKnapsack.csproj", "{9D7948CB-8EF6-436D-93DE-B2AD0715B5AE}"
EndProject
Project("{FAE04EC0-301F-11D3-BF4B-00C04F79EFBC}") = "BKnapsack.Console", "BKnapsack.Console\BKnapsack.Console.csproj", "{2AB2FB02-8739-4884-920C-52139CAB038D}"
EndProject
Project("{2150E333-8FDC-42A3-9474-1A3956D46DE8}") = "README", "README", "{99737C2A-CF96-4683-A21A-FF03A19CCC73}"
	ProjectSection(SolutionItems) = preProject
		README.md = README.md
	EndProjectSection
EndProject
Global
	GlobalSection(SolutionConfigurationPlatforms) = preSolution
		Debug|Any CPU = Debug|Any CPU
		Release|Any CPU = Release|Any CPU
	EndGlobalSection
	GlobalSection(ProjectConfigurationPlatforms) = postSolution
		{9D7948CB-8EF6-436D-93DE-B2AD0715B5AE}.Debug|Any CPU.ActiveCfg = Debug|Any CPU
		{9D7948CB-8EF6-436D-93DE-B2AD0715B5AE}.Debug|Any CPU.Build.0 = Debug|Any CPU
		{9D7948CB-8EF6-436D-93DE-B2AD0715B5AE}.Release|Any CPU.ActiveCfg = Release|Any CPU
		{9D7948CB-8EF6-436D-93DE-B2AD0715B5AE}.Release|Any CPU.Build.0 = Release|Any CPU
		{2AB2FB02-8739-4884-920C-52139CAB038D}.Debug|Any CPU.ActiveCfg = Debug|Any CPU
		{2AB2FB02-8739-4884-920C-52139CAB038D}.Debug|Any CPU.Build.0 = Debug|Any CPU
		{2AB2FB02-8739-4884-920C-52139CAB038D}.Release|Any CPU.ActiveCfg = Release|Any CPU
		{2AB2FB02-8739-4884-920C-52139CAB038D}.Release|Any CPU.Build.0 = Release|Any CPU
	EndGlobalSection
	GlobalSection(SolutionProperties) = preSolution
		HideSolutionNode = FALSE
	EndGlobalSection
EndGlobal
